
Microsoft Visual Studio Solution File, Format Version 12.00
# Visual Studio Version 16
VisualStudioVersion = 16.0.30907.101
MinimumVisualStudioVersion = 10.0.40219.1
Project("{FAE04EC0-301F-11D3-BF4B-00C04F79EFBC}") = "Tapanyagok", "Tapanyagok\Tapanyagok.csproj", "{E779CB7D-96F2-483A-8895-34485CCFBB9F}"
EndProject
Global
	GlobalSection(SolutionConfigurationPlatforms) = preSolution
		Debug|Any CPU = Debug|Any CPU
		Release|Any CPU = Release|Any CPU
	EndGlobalSection
	GlobalSection(ProjectConfigurationPlatforms) = postSolution
		{E779CB7D-96F2-483A-8895-34485CCFBB9F}.Debug|Any CPU.ActiveCfg = Debug|Any CPU
		{E779CB7D-96F2-483A-8895-34485CCFBB9F}.Debug|Any CPU.Build.0 = Debug|Any CPU
		{E779CB7D-96F2-483A-8895-34485CCFBB9F}.Release|Any CPU.ActiveCfg = Release|Any CPU
		{E779CB7D-96F2-483A-8895-34485CCFBB9F}.Release|Any CPU.Build.0 = Release|Any CPU
	EndGlobalSection
	GlobalSection(SolutionProperties) = preSolution
		HideSolutionNode = FALSE
	EndGlobalSection
	GlobalSection(ExtensibilityGlobals) = postSolution
		SolutionGuid = {40943D49-8356-4BD1-91B0-975C6456BA99}
	EndGlobalSection
EndGlobal
